// !$*UTF8*$!
{
	archiveVersion = 1;
	classes = {
	};
	objectVersion = 46;
	objects = {

/* Begin PBXBuildFile section */
		681B2DD31C9C6E8400BA0953 /* main.m in Sources */ = {isa = PBXBuildFile; fileRef = 681B2DD21C9C6E8400BA0953 /* main.m */; };
		681B2DD61C9C6E8400BA0953 /* AppDelegate.m in Sources */ = {isa = PBXBuildFile; fileRef = 681B2DD51C9C6E8400BA0953 /* AppDelegate.m */; };
		681B2DD91C9C6E8400BA0953 /* UserListVC.m in Sources */ = {isa = PBXBuildFile; fileRef = 681B2DD81C9C6E8400BA0953 /* UserListVC.m */; };
		681B2DDC1C9C6E8400BA0953 /* Main.storyboard in Resources */ = {isa = PBXBuildFile; fileRef = 681B2DDA1C9C6E8400BA0953 /* Main.storyboard */; };
		681B2DDE1C9C6E8400BA0953 /* Assets.xcassets in Resources */ = {isa = PBXBuildFile; fileRef = 681B2DDD1C9C6E8400BA0953 /* Assets.xcassets */; };
		681B2DE11C9C6E8400BA0953 /* LaunchScreen.storyboard in Resources */ = {isa = PBXBuildFile; fileRef = 681B2DDF1C9C6E8400BA0953 /* LaunchScreen.storyboard */; };
		681B2DEC1C9C6E8400BA0953 /* UsersAPITests.m in Sources */ = {isa = PBXBuildFile; fileRef = 681B2DEB1C9C6E8400BA0953 /* UsersAPITests.m */; };
		681B2DF71C9C6E8500BA0953 /* UsersAPIUITests.m in Sources */ = {isa = PBXBuildFile; fileRef = 681B2DF61C9C6E8500BA0953 /* UsersAPIUITests.m */; };
		681B2E071C9C799600BA0953 /* UsersModel.xcdatamodeld in Sources */ = {isa = PBXBuildFile; fileRef = 681B2E051C9C799600BA0953 /* UsersModel.xcdatamodeld */; };
		687DC92A1C9D56C200305690 /* User+CoreDataProperties.m in Sources */ = {isa = PBXBuildFile; fileRef = 687DC91F1C9D56C200305690 /* User+CoreDataProperties.m */; };
		687DC92B1C9D56C200305690 /* User.m in Sources */ = {isa = PBXBuildFile; fileRef = 687DC9211C9D56C200305690 /* User.m */; };
		687DC92C1C9D56C200305690 /* Company+CoreDataProperties.m in Sources */ = {isa = PBXBuildFile; fileRef = 687DC9231C9D56C200305690 /* Company+CoreDataProperties.m */; };
		687DC92D1C9D56C200305690 /* Company.m in Sources */ = {isa = PBXBuildFile; fileRef = 687DC9251C9D56C200305690 /* Company.m */; };
		687DC92E1C9D56C200305690 /* Address+CoreDataProperties.m in Sources */ = {isa = PBXBuildFile; fileRef = 687DC9271C9D56C200305690 /* Address+CoreDataProperties.m */; };
		687DC92F1C9D56C200305690 /* Address.m in Sources */ = {isa = PBXBuildFile; fileRef = 687DC9291C9D56C200305690 /* Address.m */; };
/* End PBXBuildFile section */

/* Begin PBXContainerItemProxy section */
		681B2DE81C9C6E8400BA0953 /* PBXContainerItemProxy */ = {
			isa = PBXContainerItemProxy;
			containerPortal = 681B2DC61C9C6E8400BA0953 /* Project object */;
			proxyType = 1;
			remoteGlobalIDString = 681B2DCD1C9C6E8400BA0953;
			remoteInfo = UsersAPI;
		};
		681B2DF31C9C6E8500BA0953 /* PBXContainerItemProxy */ = {
			isa = PBXContainerItemProxy;
			containerPortal = 681B2DC61C9C6E8400BA0953 /* Project object */;
			proxyType = 1;
			remoteGlobalIDString = 681B2DCD1C9C6E8400BA0953;
			remoteInfo = UsersAPI;
		};
/* End PBXContainerItemProxy section */

/* Begin PBXFileReference section */
		681B2DCE1C9C6E8400BA0953 /* UsersAPI.app */ = {isa = PBXFileReference; explicitFileType = wrapper.application; includeInIndex = 0; path = UsersAPI.app; sourceTree = BUILT_PRODUCTS_DIR; };
		681B2DD21C9C6E8400BA0953 /* main.m */ = {isa = PBXFileReference; lastKnownFileType = sourcecode.c.objc; path = main.m; sourceTree = "<group>"; };
		681B2DD41C9C6E8400BA0953 /* AppDelegate.h */ = {isa = PBXFileReference; lastKnownFileType = sourcecode.c.h; path = AppDelegate.h; sourceTree = "<group>"; };
		681B2DD51C9C6E8400BA0953 /* AppDelegate.m */ = {isa = PBXFileReference; lastKnownFileType = sourcecode.c.objc; path = AppDelegate.m; sourceTree = "<group>"; };
		681B2DD71C9C6E8400BA0953 /* UserListVC.h */ = {isa = PBXFileReference; lastKnownFileType = sourcecode.c.h; path = UserListVC.h; sourceTree = "<group>"; };
		681B2DD81C9C6E8400BA0953 /* UserListVC.m */ = {isa = PBXFileReference; lastKnownFileType = sourcecode.c.objc; path = UserListVC.m; sourceTree = "<group>"; };
		681B2DDB1C9C6E8400BA0953 /* Base */ = {isa = PBXFileReference; lastKnownFileType = file.storyboard; name = Base; path = Base.lproj/Main.storyboard; sourceTree = "<group>"; };
		681B2DDD1C9C6E8400BA0953 /* Assets.xcassets */ = {isa = PBXFileReference; lastKnownFileType = folder.assetcatalog; path = Assets.xcassets; sourceTree = "<group>"; };
		681B2DE01C9C6E8400BA0953 /* Base */ = {isa = PBXFileReference; lastKnownFileType = file.storyboard; name = Base; path = Base.lproj/LaunchScreen.storyboard; sourceTree = "<group>"; };
		681B2DE21C9C6E8400BA0953 /* Info.plist */ = {isa = PBXFileReference; lastKnownFileType = text.plist.xml; path = Info.plist; sourceTree = "<group>"; };
		681B2DE71C9C6E8400BA0953 /* UsersAPITests.xctest */ = {isa = PBXFileReference; explicitFileType = wrapper.cfbundle; includeInIndex = 0; path = UsersAPITests.xctest; sourceTree = BUILT_PRODUCTS_DIR; };
		681B2DEB1C9C6E8400BA0953 /* UsersAPITests.m */ = {isa = PBXFileReference; lastKnownFileType = sourcecode.c.objc; path = UsersAPITests.m; sourceTree = "<group>"; };
		681B2DED1C9C6E8400BA0953 /* Info.plist */ = {isa = PBXFileReference; lastKnownFileType = text.plist.xml; path = Info.plist; sourceTree = "<group>"; };
		681B2DF21C9C6E8500BA0953 /* UsersAPIUITests.xctest */ = {isa = PBXFileReference; explicitFileType = wrapper.cfbundle; includeInIndex = 0; path = UsersAPIUITests.xctest; sourceTree = BUILT_PRODUCTS_DIR; };
		681B2DF61C9C6E8500BA0953 /* UsersAPIUITests.m */ = {isa = PBXFileReference; lastKnownFileType = sourcecode.c.objc; path = UsersAPIUITests.m; sourceTree = "<group>"; };
		681B2DF81C9C6E8500BA0953 /* Info.plist */ = {isa = PBXFileReference; lastKnownFileType = text.plist.xml; path = Info.plist; sourceTree = "<group>"; };
		681B2E041C9C78A500BA0953 /* UsersAPI-PrefixHeader.pch */ = {isa = PBXFileReference; fileEncoding = 4; lastKnownFileType = sourcecode.c.h; path = "UsersAPI-PrefixHeader.pch"; sourceTree = "<group>"; };
		681B2E061C9C799600BA0953 /* UsersModel.xcdatamodel */ = {isa = PBXFileReference; lastKnownFileType = wrapper.xcdatamodel; path = UsersModel.xcdatamodel; sourceTree = "<group>"; };
		687DC91E1C9D56C200305690 /* User+CoreDataProperties.h */ = {isa = PBXFileReference; fileEncoding = 4; lastKnownFileType = sourcecode.c.h; path = "User+CoreDataProperties.h"; sourceTree = "<group>"; };
		687DC91F1C9D56C200305690 /* User+CoreDataProperties.m */ = {isa = PBXFileReference; fileEncoding = 4; lastKnownFileType = sourcecode.c.objc; path = "User+CoreDataProperties.m"; sourceTree = "<group>"; };
		687DC9201C9D56C200305690 /* User.h */ = {isa = PBXFileReference; fileEncoding = 4; lastKnownFileType = sourcecode.c.h; path = User.h; sourceTree = "<group>"; };
		687DC9211C9D56C200305690 /* User.m */ = {isa = PBXFileReference; fileEncoding = 4; lastKnownFileType = sourcecode.c.objc; path = User.m; sourceTree = "<group>"; };
		687DC9221C9D56C200305690 /* Company+CoreDataProperties.h */ = {isa = PBXFileReference; fileEncoding = 4; lastKnownFileType = sourcecode.c.h; path = "Company+CoreDataProperties.h"; sourceTree = "<group>"; };
		687DC9231C9D56C200305690 /* Company+CoreDataProperties.m */ = {isa = PBXFileReference; fileEncoding = 4; lastKnownFileType = sourcecode.c.objc; path = "Company+CoreDataProperties.m"; sourceTree = "<group>"; };
		687DC9241C9D56C200305690 /* Company.h */ = {isa = PBXFileReference; fileEncoding = 4; lastKnownFileType = sourcecode.c.h; path = Company.h; sourceTree = "<group>"; };
		687DC9251C9D56C200305690 /* Company.m */ = {isa = PBXFileReference; fileEncoding = 4; lastKnownFileType = sourcecode.c.objc; path = Company.m; sourceTree = "<group>"; };
		687DC9261C9D56C200305690 /* Address+CoreDataProperties.h */ = {isa = PBXFileReference; fileEncoding = 4; lastKnownFileType = sourcecode.c.h; path = "Address+CoreDataProperties.h"; sourceTree = "<group>"; };
		687DC9271C9D56C200305690 /* Address+CoreDataProperties.m */ = {isa = PBXFileReference; fileEncoding = 4; lastKnownFileType = sourcecode.c.objc; path = "Address+CoreDataProperties.m"; sourceTree = "<group>"; };
		687DC9281C9D56C200305690 /* Address.h */ = {isa = PBXFileReference; fileEncoding = 4; lastKnownFileType = sourcecode.c.h; path = Address.h; sourceTree = "<group>"; };
		687DC9291C9D56C200305690 /* Address.m */ = {isa = PBXFileReference; fileEncoding = 4; lastKnownFileType = sourcecode.c.objc; path = Address.m; sourceTree = "<group>"; };
/* End PBXFileReference section */

/* Begin PBXFrameworksBuildPhase section */
		681B2DCB1C9C6E8400BA0953 /* Frameworks */ = {
			isa = PBXFrameworksBuildPhase;
			buildActionMask = 2147483647;
			files = (
			);
			runOnlyForDeploymentPostprocessing = 0;
		};
		681B2DE41C9C6E8400BA0953 /* Frameworks */ = {
			isa = PBXFrameworksBuildPhase;
			buildActionMask = 2147483647;
			files = (
			);
			runOnlyForDeploymentPostprocessing = 0;
		};
		681B2DEF1C9C6E8500BA0953 /* Frameworks */ = {
			isa = PBXFrameworksBuildPhase;
			buildActionMask = 2147483647;
			files = (
			);
			runOnlyForDeploymentPostprocessing = 0;
		};
/* End PBXFrameworksBuildPhase section */

/* Begin PBXGroup section */
		681B2DC51C9C6E8400BA0953 = {
			isa = PBXGroup;
			children = (
				681B2DD01C9C6E8400BA0953 /* UsersAPI */,
				681B2DEA1C9C6E8400BA0953 /* UsersAPITests */,
				681B2DF51C9C6E8500BA0953 /* UsersAPIUITests */,
				681B2DCF1C9C6E8400BA0953 /* Products */,
			);
			sourceTree = "<group>";
		};
		681B2DCF1C9C6E8400BA0953 /* Products */ = {
			isa = PBXGroup;
			children = (
				681B2DCE1C9C6E8400BA0953 /* UsersAPI.app */,
				681B2DE71C9C6E8400BA0953 /* UsersAPITests.xctest */,
				681B2DF21C9C6E8500BA0953 /* UsersAPIUITests.xctest */,
			);
			name = Products;
			sourceTree = "<group>";
		};
		681B2DD01C9C6E8400BA0953 /* UsersAPI */ = {
			isa = PBXGroup;
			children = (
				687DC9301C9D56CB00305690 /* DataModel */,
				681B2DD41C9C6E8400BA0953 /* AppDelegate.h */,
				681B2DD51C9C6E8400BA0953 /* AppDelegate.m */,
				681B2DD71C9C6E8400BA0953 /* UserListVC.h */,
				681B2DD81C9C6E8400BA0953 /* UserListVC.m */,
				681B2DDA1C9C6E8400BA0953 /* Main.storyboard */,
				681B2DDD1C9C6E8400BA0953 /* Assets.xcassets */,
				681B2DDF1C9C6E8400BA0953 /* LaunchScreen.storyboard */,
				681B2DD11C9C6E8400BA0953 /* Supporting Files */,
			);
			path = UsersAPI;
			sourceTree = "<group>";
		};
		681B2DD11C9C6E8400BA0953 /* Supporting Files */ = {
			isa = PBXGroup;
			children = (
				681B2DE21C9C6E8400BA0953 /* Info.plist */,
				681B2DD21C9C6E8400BA0953 /* main.m */,
				681B2E041C9C78A500BA0953 /* UsersAPI-PrefixHeader.pch */,
			);
			name = "Supporting Files";
			sourceTree = "<group>";
		};
		681B2DEA1C9C6E8400BA0953 /* UsersAPITests */ = {
			isa = PBXGroup;
			children = (
				681B2DEB1C9C6E8400BA0953 /* UsersAPITests.m */,
				681B2DED1C9C6E8400BA0953 /* Info.plist */,
			);
			path = UsersAPITests;
			sourceTree = "<group>";
		};
		681B2DF51C9C6E8500BA0953 /* UsersAPIUITests */ = {
			isa = PBXGroup;
			children = (
				681B2DF61C9C6E8500BA0953 /* UsersAPIUITests.m */,
				681B2DF81C9C6E8500BA0953 /* Info.plist */,
			);
			path = UsersAPIUITests;
			sourceTree = "<group>";
		};
		687DC9301C9D56CB00305690 /* DataModel */ = {
			isa = PBXGroup;
			children = (
				681B2E051C9C799600BA0953 /* UsersModel.xcdatamodeld */,
				687DC91E1C9D56C200305690 /* User+CoreDataProperties.h */,
				687DC91F1C9D56C200305690 /* User+CoreDataProperties.m */,
				687DC9201C9D56C200305690 /* User.h */,
				687DC9211C9D56C200305690 /* User.m */,
				687DC9221C9D56C200305690 /* Company+CoreDataProperties.h */,
				687DC9231C9D56C200305690 /* Company+CoreDataProperties.m */,
				687DC9241C9D56C200305690 /* Company.h */,
				687DC9251C9D56C200305690 /* Company.m */,
				687DC9261C9D56C200305690 /* Address+CoreDataProperties.h */,
				687DC9271C9D56C200305690 /* Address+CoreDataProperties.m */,
				687DC9281C9D56C200305690 /* Address.h */,
				687DC9291C9D56C200305690 /* Address.m */,
			);
			name = DataModel;
			sourceTree = "<group>";
		};
/* End PBXGroup section */

/* Begin PBXNativeTarget section */
		681B2DCD1C9C6E8400BA0953 /* UsersAPI */ = {
			isa = PBXNativeTarget;
			buildConfigurationList = 681B2DFB1C9C6E8500BA0953 /* Build configuration list for PBXNativeTarget "UsersAPI" */;
			buildPhases = (
				681B2DCA1C9C6E8400BA0953 /* Sources */,
				681B2DCB1C9C6E8400BA0953 /* Frameworks */,
				681B2DCC1C9C6E8400BA0953 /* Resources */,
			);
			buildRules = (
			);
			dependencies = (
			);
			name = UsersAPI;
			productName = UsersAPI;
			productReference = 681B2DCE1C9C6E8400BA0953 /* UsersAPI.app */;
			productType = "com.apple.product-type.application";
		};
		681B2DE61C9C6E8400BA0953 /* UsersAPITests */ = {
			isa = PBXNativeTarget;
			buildConfigurationList = 681B2DFE1C9C6E8500BA0953 /* Build configuration list for PBXNativeTarget "UsersAPITests" */;
			buildPhases = (
				681B2DE31C9C6E8400BA0953 /* Sources */,
				681B2DE41C9C6E8400BA0953 /* Frameworks */,
				681B2DE51C9C6E8400BA0953 /* Resources */,
			);
			buildRules = (
			);
			dependencies = (
				681B2DE91C9C6E8400BA0953 /* PBXTargetDependency */,
			);
			name = UsersAPITests;
			productName = UsersAPITests;
			productReference = 681B2DE71C9C6E8400BA0953 /* UsersAPITests.xctest */;
			productType = "com.apple.product-type.bundle.unit-test";
		};
		681B2DF11C9C6E8500BA0953 /* UsersAPIUITests */ = {
			isa = PBXNativeTarget;
			buildConfigurationList = 681B2E011C9C6E8500BA0953 /* Build configuration list for PBXNativeTarget "UsersAPIUITests" */;
			buildPhases = (
				681B2DEE1C9C6E8500BA0953 /* Sources */,
				681B2DEF1C9C6E8500BA0953 /* Frameworks */,
				681B2DF01C9C6E8500BA0953 /* Resources */,
			);
			buildRules = (
			);
			dependencies = (
				681B2DF41C9C6E8500BA0953 /* PBXTargetDependency */,
			);
			name = UsersAPIUITests;
			productName = UsersAPIUITests;
			productReference = 681B2DF21C9C6E8500BA0953 /* UsersAPIUITests.xctest */;
			productType = "com.apple.product-type.bundle.ui-testing";
		};
/* End PBXNativeTarget section */

/* Begin PBXProject section */
		681B2DC61C9C6E8400BA0953 /* Project object */ = {
			isa = PBXProject;
			attributes = {
				LastUpgradeCheck = 0720;
				ORGANIZATIONNAME = "Elsa Filippidou";
				TargetAttributes = {
					681B2DCD1C9C6E8400BA0953 = {
						CreatedOnToolsVersion = 7.2.1;
					};
					681B2DE61C9C6E8400BA0953 = {
						CreatedOnToolsVersion = 7.2.1;
						TestTargetID = 681B2DCD1C9C6E8400BA0953;
					};
					681B2DF11C9C6E8500BA0953 = {
						CreatedOnToolsVersion = 7.2.1;
						TestTargetID = 681B2DCD1C9C6E8400BA0953;
					};
				};
			};
			buildConfigurationList = 681B2DC91C9C6E8400BA0953 /* Build configuration list for PBXProject "UsersAPI" */;
			compatibilityVersion = "Xcode 3.2";
			developmentRegion = English;
			hasScannedForEncodings = 0;
			knownRegions = (
				en,
				Base,
			);
			mainGroup = 681B2DC51C9C6E8400BA0953;
			productRefGroup = 681B2DCF1C9C6E8400BA0953 /* Products */;
			projectDirPath = "";
			projectRoot = "";
			targets = (
				681B2DCD1C9C6E8400BA0953 /* UsersAPI */,
				681B2DE61C9C6E8400BA0953 /* UsersAPITests */,
				681B2DF11C9C6E8500BA0953 /* UsersAPIUITests */,
			);
		};
/* End PBXProject section */

/* Begin PBXResourcesBuildPhase section */
		681B2DCC1C9C6E8400BA0953 /* Resources */ = {
			isa = PBXResourcesBuildPhase;
			buildActionMask = 2147483647;
			files = (
				681B2DE11C9C6E8400BA0953 /* LaunchScreen.storyboard in Resources */,
				681B2DDE1C9C6E8400BA0953 /* Assets.xcassets in Resources */,
				681B2DDC1C9C6E8400BA0953 /* Main.storyboard in Resources */,
			);
			runOnlyForDeploymentPostprocessing = 0;
		};
		681B2DE51C9C6E8400BA0953 /* Resources */ = {
			isa = PBXResourcesBuildPhase;
			buildActionMask = 2147483647;
			files = (
			);
			runOnlyForDeploymentPostprocessing = 0;
		};
		681B2DF01C9C6E8500BA0953 /* Resources */ = {
			isa = PBXResourcesBuildPhase;
			buildActionMask = 2147483647;
			files = (
			);
			runOnlyForDeploymentPostprocessing = 0;
		};
/* End PBXResourcesBuildPhase section */

/* Begin PBXSourcesBuildPhase section */
		681B2DCA1C9C6E8400BA0953 /* Sources */ = {
			isa = PBXSourcesBuildPhase;
			buildActionMask = 2147483647;
			files = (
				687DC92A1C9D56C200305690 /* User+CoreDataProperties.m in Sources */,
				681B2DD91C9C6E8400BA0953 /* UserListVC.m in Sources */,
				687DC92B1C9D56C200305690 /* User.m in Sources */,
				687DC92D1C9D56C200305690 /* Company.m in Sources */,
				687DC92C1C9D56C200305690 /* Company+CoreDataProperties.m in Sources */,
				687DC92E1C9D56C200305690 /* Address+CoreDataProperties.m in Sources */,
				681B2DD61C9C6E8400BA0953 /* AppDelegate.m in Sources */,
				681B2E071C9C799600BA0953 /* UsersModel.xcdatamodeld in Sources */,
				687DC92F1C9D56C200305690 /* Address.m in Sources */,
				681B2DD31C9C6E8400BA0953 /* main.m in Sources */,
			);
			runOnlyForDeploymentPostprocessing = 0;
		};
		681B2DE31C9C6E8400BA0953 /* Sources */ = {
			isa = PBXSourcesBuildPhase;
			buildActionMask = 2147483647;
			files = (
				681B2DEC1C9C6E8400BA0953 /* UsersAPITests.m in Sources */,
			);
			runOnlyForDeploymentPostprocessing = 0;
		};
		681B2DEE1C9C6E8500BA0953 /* Sources */ = {
			isa = PBXSourcesBuildPhase;
			buildActionMask = 2147483647;
			files = (
				681B2DF71C9C6E8500BA0953 /* UsersAPIUITests.m in Sources */,
			);
			runOnlyForDeploymentPostprocessing = 0;
		};
/* End PBXSourcesBuildPhase section */

/* Begin PBXTargetDependency section */
		681B2DE91C9C6E8400BA0953 /* PBXTargetDependency */ = {
			isa = PBXTargetDependency;
			target = 681B2DCD1C9C6E8400BA0953 /* UsersAPI */;
			targetProxy = 681B2DE81C9C6E8400BA0953 /* PBXContainerItemProxy */;
		};
		681B2DF41C9C6E8500BA0953 /* PBXTargetDependency */ = {
			isa = PBXTargetDependency;
			target = 681B2DCD1C9C6E8400BA0953 /* UsersAPI */;
			targetProxy = 681B2DF31C9C6E8500BA0953 /* PBXContainerItemProxy */;
		};
/* End PBXTargetDependency section */

/* Begin PBXVariantGroup section */
		681B2DDA1C9C6E8400BA0953 /* Main.storyboard */ = {
			isa = PBXVariantGroup;
			children = (
				681B2DDB1C9C6E8400BA0953 /* Base */,
			);
			name = Main.storyboard;
			sourceTree = "<group>";
		};
		681B2DDF1C9C6E8400BA0953 /* LaunchScreen.storyboard */ = {
			isa = PBXVariantGroup;
			children = (
				681B2DE01C9C6E8400BA0953 /* Base */,
			);
			name = LaunchScreen.storyboard;
			sourceTree = "<group>";
		};
/* End PBXVariantGroup section */

/* Begin XCBuildConfiguration section */
		681B2DF91C9C6E8500BA0953 /* Debug */ = {
			isa = XCBuildConfiguration;
			buildSettings = {
				ALWAYS_SEARCH_USER_PATHS = NO;
				CLANG_CXX_LANGUAGE_STANDARD = "gnu++0x";
				CLANG_CXX_LIBRARY = "libc++";
				CLANG_ENABLE_MODULES = YES;
				CLANG_ENABLE_OBJC_ARC = YES;
				CLANG_WARN_BOOL_CONVERSION = YES;
				CLANG_WARN_CONSTANT_CONVERSION = YES;
				CLANG_WARN_DIRECT_OBJC_ISA_USAGE = YES_ERROR;
				CLANG_WARN_EMPTY_BODY = YES;
				CLANG_WARN_ENUM_CONVERSION = YES;
				CLANG_WARN_INT_CONVERSION = YES;
				CLANG_WARN_OBJC_ROOT_CLASS = YES_ERROR;
				CLANG_WARN_UNREACHABLE_CODE = YES;
				CLANG_WARN__DUPLICATE_METHOD_MATCH = YES;
				"CODE_SIGN_IDENTITY[sdk=iphoneos*]" = "iPhone Developer";
				COPY_PHASE_STRIP = NO;
				DEBUG_INFORMATION_FORMAT = dwarf;
				ENABLE_STRICT_OBJC_MSGSEND = YES;
				ENABLE_TESTABILITY = YES;
				GCC_C_LANGUAGE_STANDARD = gnu99;
				GCC_DYNAMIC_NO_PIC = NO;
				GCC_NO_COMMON_BLOCKS = YES;
				GCC_OPTIMIZATION_LEVEL = 0;
				GCC_PREFIX_HEADER = "UsersAPI/UsersAPI-PrefixHeader.pch";
				GCC_PREPROCESSOR_DEFINITIONS = (
					"DEBUG=1",
					"$(inherited)",
				);
				GCC_WARN_64_TO_32_BIT_CONVERSION = YES;
				GCC_WARN_ABOUT_RETURN_TYPE = YES_ERROR;
				GCC_WARN_UNDECLARED_SELECTOR = YES;
				GCC_WARN_UNINITIALIZED_AUTOS = YES_AGGRESSIVE;
				GCC_WARN_UNUSED_FUNCTION = YES;
				GCC_WARN_UNUSED_VARIABLE = YES;
				IPHONEOS_DEPLOYMENT_TARGET = 9.2;
				MTL_ENABLE_DEBUG_INFO = YES;
				ONLY_ACTIVE_ARCH = YES;
				SDKROOT = iphoneos;
				TARGETED_DEVICE_FAMILY = "1,2";
			};
			name = Debug;
		};
		681B2DFA1C9C6E8500BA0953 /* Release */ = {
			isa = XCBuildConfiguration;
			buildSettings = {
				ALWAYS_SEARCH_USER_PATHS = NO;
				CLANG_CXX_LANGUAGE_STANDARD = "gnu++0x";
				CLANG_CXX_LIBRARY = "libc++";
				CLANG_ENABLE_MODULES = YES;
				CLANG_ENABLE_OBJC_ARC = YES;
				CLANG_WARN_BOOL_CONVERSION = YES;
				CLANG_WARN_CONSTANT_CONVERSION = YES;
				CLANG_WARN_DIRECT_OBJC_ISA_USAGE = YES_ERROR;
				CLANG_WARN_EMPTY_BODY = YES;
				CLANG_WARN_ENUM_CONVERSION = YES;
				CLANG_WARN_INT_CONVERSION = YES;
				CLANG_WARN_OBJC_ROOT_CLASS = YES_ERROR;
				CLANG_WARN_UNREACHABLE_CODE = YES;
				CLANG_WARN__DUPLICATE_METHOD_MATCH = YES;
				"CODE_SIGN_IDENTITY[sdk=iphoneos*]" = "iPhone Developer";
				COPY_PHASE_STRIP = NO;
				DEBUG_INFORMATION_FORMAT = "dwarf-with-dsym";
				ENABLE_NS_ASSERTIONS = NO;
				ENABLE_STRICT_OBJC_MSGSEND = YES;
				GCC_C_LANGUAGE_STANDARD = gnu99;
				GCC_NO_COMMON_BLOCKS = YES;
				GCC_PREFIX_HEADER = "UsersAPI/UsersAPI-PrefixHeader.pch";
				GCC_WARN_64_TO_32_BIT_CONVERSION = YES;
				GCC_WARN_ABOUT_RETURN_TYPE = YES_ERROR;
				GCC_WARN_UNDECLARED_SELECTOR = YES;
				GCC_WARN_UNINITIALIZED_AUTOS = YES_AGGRESSIVE;
				GCC_WARN_UNUSED_FUNCTION = YES;
				GCC_WARN_UNUSED_VARIABLE = YES;
				IPHONEOS_DEPLOYMENT_TARGET = 9.2;
				MTL_ENABLE_DEBUG_INFO = NO;
				SDKROOT = iphoneos;
				TARGETED_DEVICE_FAMILY = "1,2";
				VALIDATE_PRODUCT = YES;
			};
			name = Release;
		};
		681B2DFC1C9C6E8500BA0953 /* Debug */ = {
			isa = XCBuildConfiguration;
			buildSettings = {
				ASSETCATALOG_COMPILER_APPICON_NAME = AppIcon;
				GCC_PREFIX_HEADER = "UsersAPI/UsersAPI-PrefixHeader.pch";
				INFOPLIST_FILE = UsersAPI/Info.plist;
				LD_RUNPATH_SEARCH_PATHS = "$(inherited) @executable_path/Frameworks";
				PRODUCT_BUNDLE_IDENTIFIER = com.elsafilippidou.iphone.UsersAPI;
				PRODUCT_NAME = "$(TARGET_NAME)";
			};
			name = Debug;
		};
		681B2DFD1C9C6E8500BA0953 /* Release */ = {
			isa = XCBuildConfiguration;
			buildSettings = {
				ASSETCATALOG_COMPILER_APPICON_NAME = AppIcon;
				GCC_PREFIX_HEADER = "UsersAPI/UsersAPI-PrefixHeader.pch";
				INFOPLIST_FILE = UsersAPI/Info.plist;
				LD_RUNPATH_SEARCH_PATHS = "$(inherited) @executable_path/Frameworks";
				PRODUCT_BUNDLE_IDENTIFIER = com.elsafilippidou.iphone.UsersAPI;
				PRODUCT_NAME = "$(TARGET_NAME)";
			};
			name = Release;
		};
		681B2DFF1C9C6E8500BA0953 /* Debug */ = {
			isa = XCBuildConfiguration;
			buildSettings = {
				BUNDLE_LOADER = "$(TEST_HOST)";
				INFOPLIST_FILE = UsersAPITests/Info.plist;
				LD_RUNPATH_SEARCH_PATHS = "$(inherited) @executable_path/Frameworks @loader_path/Frameworks";
				PRODUCT_BUNDLE_IDENTIFIER = com.elsafilippidou.iphone.UsersAPITests;
				PRODUCT_NAME = "$(TARGET_NAME)";
				TEST_HOST = "$(BUILT_PRODUCTS_DIR)/UsersAPI.app/UsersAPI";
			};
			name = Debug;
		};
		681B2E001C9C6E8500BA0953 /* Release */ = {
			isa = XCBuildConfiguration;
			buildSettings = {
				BUNDLE_LOADER = "$(TEST_HOST)";
				INFOPLIST_FILE = UsersAPITests/Info.plist;
				LD_RUNPATH_SEARCH_PATHS = "$(inherited) @executable_path/Frameworks @loader_path/Frameworks";
				PRODUCT_BUNDLE_IDENTIFIER = com.elsafilippidou.iphone.UsersAPITests;
				PRODUCT_NAME = "$(TARGET_NAME)";
				TEST_HOST = "$(BUILT_PRODUCTS_DIR)/UsersAPI.app/UsersAPI";
			};
			name = Release;
		};
		681B2E021C9C6E8500BA0953 /* Debug */ = {
			isa = XCBuildConfiguration;
			buildSettings = {
				INFOPLIST_FILE = UsersAPIUITests/Info.plist;
				LD_RUNPATH_SEARCH_PATHS = "$(inherited) @executable_path/Frameworks @loader_path/Frameworks";
				PRODUCT_BUNDLE_IDENTIFIER = com.elsafilippidou.iphone.UsersAPIUITests;
				PRODUCT_NAME = "$(TARGET_NAME)";
				TEST_TARGET_NAME = UsersAPI;
				USES_XCTRUNNER = YES;
			};
			name = Debug;
		};
		681B2E031C9C6E8500BA0953 /* Release */ = {
			isa = XCBuildConfiguration;
			buildSettings = {
				INFOPLIST_FILE = UsersAPIUITests/Info.plist;
				LD_RUNPATH_SEARCH_PATHS = "$(inherited) @executable_path/Frameworks @loader_path/Frameworks";
				PRODUCT_BUNDLE_IDENTIFIER = com.elsafilippidou.iphone.UsersAPIUITests;
				PRODUCT_NAME = "$(TARGET_NAME)";
				TEST_TARGET_NAME = UsersAPI;
				USES_XCTRUNNER = YES;
			};
			name = Release;
		};
/* End XCBuildConfiguration section */

/* Begin XCConfigurationList section */
		681B2DC91C9C6E8400BA0953 /* Build configuration list for PBXProject "UsersAPI" */ = {
			isa = XCConfigurationList;
			buildConfigurations = (
				681B2DF91C9C6E8500BA0953 /* Debug */,
				681B2DFA1C9C6E8500BA0953 /* Release */,
			);
			defaultConfigurationIsVisible = 0;
			defaultConfigurationName = Release;
		};
		681B2DFB1C9C6E8500BA0953 /* Build configuration list for PBXNativeTarget "UsersAPI" */ = {
			isa = XCConfigurationList;
			buildConfigurations = (
				681B2DFC1C9C6E8500BA0953 /* Debug */,
				681B2DFD1C9C6E8500BA0953 /* Release */,
			);
			defaultConfigurationIsVisible = 0;
			defaultConfigurationName = Release;
		};
		681B2DFE1C9C6E8500BA0953 /* Build configuration list for PBXNativeTarget "UsersAPITests" */ = {
			isa = XCConfigurationList;
			buildConfigurations = (
				681B2DFF1C9C6E8500BA0953 /* Debug */,
				681B2E001C9C6E8500BA0953 /* Release */,
			);
			defaultConfigurationIsVisible = 0;
			defaultConfigurationName = Release;
		};
		681B2E011C9C6E8500BA0953 /* Build configuration list for PBXNativeTarget "UsersAPIUITests" */ = {
			isa = XCConfigurationList;
			buildConfigurations = (
				681B2E021C9C6E8500BA0953 /* Debug */,
				681B2E031C9C6E8500BA0953 /* Release */,
			);
			defaultConfigurationIsVisible = 0;
			defaultConfigurationName = Release;
		};
/* End XCConfigurationList section */

/* Begin XCVersionGroup section */
		681B2E051C9C799600BA0953 /* UsersModel.xcdatamodeld */ = {
			isa = XCVersionGroup;
			children = (
				681B2E061C9C799600BA0953 /* UsersModel.xcdatamodel */,
			);
			currentVersion = 681B2E061C9C799600BA0953 /* UsersModel.xcdatamodel */;
			path = UsersModel.xcdatamodeld;
			sourceTree = "<group>";
			versionGroupType = wrapper.xcdatamodel;
		};
/* End XCVersionGroup section */
	};
	rootObject = 681B2DC61C9C6E8400BA0953 /* Project object */;
}
